
Microsoft Visual Studio Solution File, Format Version 12.00
# Visual Studio Version 16
VisualStudioVersion = 16.0.31911.196
MinimumVisualStudioVersion = 10.0.40219.1
Project("{9A19103F-16F7-4668-BE54-9A1E7A4F7556}") = "XtramileTest", "XtramileTest\XtramileTest.csproj", "{4B0AE544-D4F2-4462-84BE-34F79D92F146}"
EndProject
Project("{9A19103F-16F7-4668-BE54-9A1E7A4F7556}") = "XtramileTest.API", "XtramileTest.API\XtramileTest.API.csproj", "{2EBB9232-5174-4529-9927-6477F36EC9A0}"
EndProject
Project("{9A19103F-16F7-4668-BE54-9A1E7A4F7556}") = "XtramileTest.API.Service", "XtramileTest.API.Service\XtramileTest.API.Service.csproj", "{052052DC-D942-4489-AFE7-22C9672F7B9E}"
EndProject
Project("{9A19103F-16F7-4668-BE54-9A1E7A4F7556}") = "XtramileTest.Tests", "XtramileTest.Tests\XtramileTest.Tests.csproj", "{92B71B01-B562-423E-B76D-DF6292F5854E}"
EndProject
Project("{FAE04EC0-301F-11D3-BF4B-00C04F79EFBC}") = "XtramileTest.Core", "XtramileTest.Core\XtramileTest.Core.csproj", "{AF83A890-B67C-4425-BFEE-1610F78196F5}"
EndProject
Global
	GlobalSection(SolutionConfigurationPlatforms) = preSolution
		Debug|Any CPU = Debug|Any CPU
		Release|Any CPU = Release|Any CPU
	EndGlobalSection
	GlobalSection(ProjectConfigurationPlatforms) = postSolution
		{4B0AE544-D4F2-4462-84BE-34F79D92F146}.Debug|Any CPU.ActiveCfg = Debug|Any CPU
		{4B0AE544-D4F2-4462-84BE-34F79D92F146}.Debug|Any CPU.Build.0 = Debug|Any CPU
		{4B0AE544-D4F2-4462-84BE-34F79D92F146}.Release|Any CPU.ActiveCfg = Release|Any CPU
		{4B0AE544-D4F2-4462-84BE-34F79D92F146}.Release|Any CPU.Build.0 = Release|Any CPU
		{2EBB9232-5174-4529-9927-6477F36EC9A0}.Debug|Any CPU.ActiveCfg = Debug|Any CPU
		{2EBB9232-5174-4529-9927-6477F36EC9A0}.Debug|Any CPU.Build.0 = Debug|Any CPU
		{2EBB9232-5174-4529-9927-6477F36EC9A0}.Release|Any CPU.ActiveCfg = Release|Any CPU
		{2EBB9232-5174-4529-9927-6477F36EC9A0}.Release|Any CPU.Build.0 = Release|Any CPU
		{052052DC-D942-4489-AFE7-22C9672F7B9E}.Debug|Any CPU.ActiveCfg = Debug|Any CPU
		{052052DC-D942-4489-AFE7-22C9672F7B9E}.Debug|Any CPU.Build.0 = Debug|Any CPU
		{052052DC-D942-4489-AFE7-22C9672F7B9E}.Release|Any CPU.ActiveCfg = Release|Any CPU
		{052052DC-D942-4489-AFE7-22C9672F7B9E}.Release|Any CPU.Build.0 = Release|Any CPU
		{92B71B01-B562-423E-B76D-DF6292F5854E}.Debug|Any CPU.ActiveCfg = Debug|Any CPU
		{92B71B01-B562-423E-B76D-DF6292F5854E}.Debug|Any CPU.Build.0 = Debug|Any CPU
		{92B71B01-B562-423E-B76D-DF6292F5854E}.Release|Any CPU.ActiveCfg = Release|Any CPU
		{92B71B01-B562-423E-B76D-DF6292F5854E}.Release|Any CPU.Build.0 = Release|Any CPU
		{AF83A890-B67C-4425-BFEE-1610F78196F5}.Debug|Any CPU.ActiveCfg = Debug|Any CPU
		{AF83A890-B67C-4425-BFEE-1610F78196F5}.Debug|Any CPU.Build.0 = Debug|Any CPU
		{AF83A890-B67C-4425-BFEE-1610F78196F5}.Release|Any CPU.ActiveCfg = Release|Any CPU
		{AF83A890-B67C-4425-BFEE-1610F78196F5}.Release|Any CPU.Build.0 = Release|Any CPU
	EndGlobalSection
	GlobalSection(SolutionProperties) = preSolution
		HideSolutionNode = FALSE
	EndGlobalSection
	GlobalSection(ExtensibilityGlobals) = postSolution
		SolutionGuid = {B6FB9FF5-B1D0-432E-B8D1-EA75044C7BB8}
	EndGlobalSection
EndGlobal
